
Microsoft Visual Studio Solution File, Format Version 12.00
# Visual Studio 15
VisualStudioVersion = 15.0.27130.2036
MinimumVisualStudioVersion = 10.0.40219.1
Project("{FAE04EC0-301F-11D3-BF4B-00C04F79EFBC}") = "Minedraft", "Minedraft\Minedraft.csproj", "{6C4DF53C-E15C-488A-81ED-97FBEB91FB97}"
EndProject
Global
	GlobalSection(SolutionConfigurationPlatforms) = preSolution
		Debug|Any CPU = Debug|Any CPU
		Release|Any CPU = Release|Any CPU
	EndGlobalSection
	GlobalSection(ProjectConfigurationPlatforms) = postSolution
		{6C4DF53C-E15C-488A-81ED-97FBEB91FB97}.Debug|Any CPU.ActiveCfg = Debug|Any CPU
		{6C4DF53C-E15C-488A-81ED-97FBEB91FB97}.Debug|Any CPU.Build.0 = Debug|Any CPU
		{6C4DF53C-E15C-488A-81ED-97FBEB91FB97}.Release|Any CPU.ActiveCfg = Release|Any CPU
		{6C4DF53C-E15C-488A-81ED-97FBEB91FB97}.Release|Any CPU.Build.0 = Release|Any CPU
	EndGlobalSection
	GlobalSection(SolutionProperties) = preSolution
		HideSolutionNode = FALSE
	EndGlobalSection
	GlobalSection(ExtensibilityGlobals) = postSolution
		SolutionGuid = {B3B86AA9-E715-46BB-BC62-AE5C61975673}
	EndGlobalSection
EndGlobal
