
Microsoft Visual Studio Solution File, Format Version 12.00
# Visual Studio 15
VisualStudioVersion = 15.0.27130.2036
MinimumVisualStudioVersion = 10.0.40219.1
Project("{FAE04EC0-301F-11D3-BF4B-00C04F79EFBC}") = "01. Raw Data", "01. Raw Data\01. Raw Data.csproj", "{79E68FF0-9BB5-4562-8E47-63CC2E6CDA89}"
EndProject
Project("{FAE04EC0-301F-11D3-BF4B-00C04F79EFBC}") = "02. Car Salesman", "02. Car Salesman\02. Car Salesman.csproj", "{7F7E1028-EEF7-40FA-8832-23F8D1BD50CD}"
EndProject
Project("{9A19103F-16F7-4668-BE54-9A1E7A4F7556}") = "03. Jedi Galaxy", "03. Jedi Galaxy\03. Jedi Galaxy.csproj", "{5C011473-CFC0-48EC-88D0-0FE5713EBB3B}"
EndProject
Project("{9A19103F-16F7-4668-BE54-9A1E7A4F7556}") = "04. Hospital", "04. Hospital\04. Hospital.csproj", "{3999400D-6378-4395-BAF1-F9EA52CF0900}"
EndProject
Project("{9A19103F-16F7-4668-BE54-9A1E7A4F7556}") = "05. Greedy Times", "05. Greedy Times\05. Greedy Times.csproj", "{0711BF55-27F8-4FE2-9173-DFB82B37E8E3}"
EndProject
Project("{9A19103F-16F7-4668-BE54-9A1E7A4F7556}") = "06. Sneaking", "06. Sneaking\06. Sneaking.csproj", "{E1966C05-7A99-4ED5-B0C0-5F7558763B8B}"
EndProject
Project("{FAE04EC0-301F-11D3-BF4B-00C04F79EFBC}") = "07. Family Tree", "07. Family Tree\07. Family Tree.csproj", "{880B5ECD-41B0-4E8B-B102-FBEA18E4077E}"
EndProject
Global
	GlobalSection(SolutionConfigurationPlatforms) = preSolution
		Debug|Any CPU = Debug|Any CPU
		Release|Any CPU = Release|Any CPU
	EndGlobalSection
	GlobalSection(ProjectConfigurationPlatforms) = postSolution
		{79E68FF0-9BB5-4562-8E47-63CC2E6CDA89}.Debug|Any CPU.ActiveCfg = Debug|Any CPU
		{79E68FF0-9BB5-4562-8E47-63CC2E6CDA89}.Debug|Any CPU.Build.0 = Debug|Any CPU
		{79E68FF0-9BB5-4562-8E47-63CC2E6CDA89}.Release|Any CPU.ActiveCfg = Release|Any CPU
		{79E68FF0-9BB5-4562-8E47-63CC2E6CDA89}.Release|Any CPU.Build.0 = Release|Any CPU
		{7F7E1028-EEF7-40FA-8832-23F8D1BD50CD}.Debug|Any CPU.ActiveCfg = Debug|Any CPU
		{7F7E1028-EEF7-40FA-8832-23F8D1BD50CD}.Debug|Any CPU.Build.0 = Debug|Any CPU
		{7F7E1028-EEF7-40FA-8832-23F8D1BD50CD}.Release|Any CPU.ActiveCfg = Release|Any CPU
		{7F7E1028-EEF7-40FA-8832-23F8D1BD50CD}.Release|Any CPU.Build.0 = Release|Any CPU
		{5C011473-CFC0-48EC-88D0-0FE5713EBB3B}.Debug|Any CPU.ActiveCfg = Debug|Any CPU
		{5C011473-CFC0-48EC-88D0-0FE5713EBB3B}.Debug|Any CPU.Build.0 = Debug|Any CPU
		{5C011473-CFC0-48EC-88D0-0FE5713EBB3B}.Release|Any CPU.ActiveCfg = Release|Any CPU
		{5C011473-CFC0-48EC-88D0-0FE5713EBB3B}.Release|Any CPU.Build.0 = Release|Any CPU
		{3999400D-6378-4395-BAF1-F9EA52CF0900}.Debug|Any CPU.ActiveCfg = Debug|Any CPU
		{3999400D-6378-4395-BAF1-F9EA52CF0900}.Debug|Any CPU.Build.0 = Debug|Any CPU
		{3999400D-6378-4395-BAF1-F9EA52CF0900}.Release|Any CPU.ActiveCfg = Release|Any CPU
		{3999400D-6378-4395-BAF1-F9EA52CF0900}.Release|Any CPU.Build.0 = Release|Any CPU
		{0711BF55-27F8-4FE2-9173-DFB82B37E8E3}.Debug|Any CPU.ActiveCfg = Debug|Any CPU
		{0711BF55-27F8-4FE2-9173-DFB82B37E8E3}.Debug|Any CPU.Build.0 = Debug|Any CPU
		{0711BF55-27F8-4FE2-9173-DFB82B37E8E3}.Release|Any CPU.ActiveCfg = Release|Any CPU
		{0711BF55-27F8-4FE2-9173-DFB82B37E8E3}.Release|Any CPU.Build.0 = Release|Any CPU
		{E1966C05-7A99-4ED5-B0C0-5F7558763B8B}.Debug|Any CPU.ActiveCfg = Debug|Any CPU
		{E1966C05-7A99-4ED5-B0C0-5F7558763B8B}.Debug|Any CPU.Build.0 = Debug|Any CPU
		{E1966C05-7A99-4ED5-B0C0-5F7558763B8B}.Release|Any CPU.ActiveCfg = Release|Any CPU
		{E1966C05-7A99-4ED5-B0C0-5F7558763B8B}.Release|Any CPU.Build.0 = Release|Any CPU
		{880B5ECD-41B0-4E8B-B102-FBEA18E4077E}.Debug|Any CPU.ActiveCfg = Debug|Any CPU
		{880B5ECD-41B0-4E8B-B102-FBEA18E4077E}.Debug|Any CPU.Build.0 = Debug|Any CPU
		{880B5ECD-41B0-4E8B-B102-FBEA18E4077E}.Release|Any CPU.ActiveCfg = Release|Any CPU
		{880B5ECD-41B0-4E8B-B102-FBEA18E4077E}.Release|Any CPU.Build.0 = Release|Any CPU
	EndGlobalSection
	GlobalSection(SolutionProperties) = preSolution
		HideSolutionNode = FALSE
	EndGlobalSection
	GlobalSection(ExtensibilityGlobals) = postSolution
		SolutionGuid = {B3A31087-C0C9-401D-A790-2AA273ACBACF}
	EndGlobalSection
EndGlobal
