
Microsoft Visual Studio Solution File, Format Version 12.00
# Visual Studio 15
VisualStudioVersion = 15.0.27130.2036
MinimumVisualStudioVersion = 10.0.40219.1
Project("{9A19103F-16F7-4668-BE54-9A1E7A4F7556}") = "01. Vehicles", "01. Vehicles\01. Vehicles.csproj", "{C981554A-953A-4E0D-A1A7-B8E662A08FFA}"
EndProject
Project("{9A19103F-16F7-4668-BE54-9A1E7A4F7556}") = "02.VehiclesExtension", "..\C# OOP Basic\Polymorphism - Exercise\02. Vehicles Extension\02.VehiclesExtension.csproj", "{E0205B65-196B-472C-AF57-55E60B97F7DB}"
EndProject
Project("{9A19103F-16F7-4668-BE54-9A1E7A4F7556}") = "03.WildFarm", "..\C# OOP Basic\Polymorphism - Exercise\03. WildFarm\03.WildFarm.csproj", "{E60AE841-37A6-42A8-833C-2D21E6EA9419}"
EndProject
Global
	GlobalSection(SolutionConfigurationPlatforms) = preSolution
		Debug|Any CPU = Debug|Any CPU
		Release|Any CPU = Release|Any CPU
	EndGlobalSection
	GlobalSection(ProjectConfigurationPlatforms) = postSolution
		{C981554A-953A-4E0D-A1A7-B8E662A08FFA}.Debug|Any CPU.ActiveCfg = Debug|Any CPU
		{C981554A-953A-4E0D-A1A7-B8E662A08FFA}.Debug|Any CPU.Build.0 = Debug|Any CPU
		{C981554A-953A-4E0D-A1A7-B8E662A08FFA}.Release|Any CPU.ActiveCfg = Release|Any CPU
		{C981554A-953A-4E0D-A1A7-B8E662A08FFA}.Release|Any CPU.Build.0 = Release|Any CPU
		{E0205B65-196B-472C-AF57-55E60B97F7DB}.Debug|Any CPU.ActiveCfg = Debug|Any CPU
		{E0205B65-196B-472C-AF57-55E60B97F7DB}.Debug|Any CPU.Build.0 = Debug|Any CPU
		{E0205B65-196B-472C-AF57-55E60B97F7DB}.Release|Any CPU.ActiveCfg = Release|Any CPU
		{E0205B65-196B-472C-AF57-55E60B97F7DB}.Release|Any CPU.Build.0 = Release|Any CPU
		{E60AE841-37A6-42A8-833C-2D21E6EA9419}.Debug|Any CPU.ActiveCfg = Debug|Any CPU
		{E60AE841-37A6-42A8-833C-2D21E6EA9419}.Debug|Any CPU.Build.0 = Debug|Any CPU
		{E60AE841-37A6-42A8-833C-2D21E6EA9419}.Release|Any CPU.ActiveCfg = Release|Any CPU
		{E60AE841-37A6-42A8-833C-2D21E6EA9419}.Release|Any CPU.Build.0 = Release|Any CPU
	EndGlobalSection
	GlobalSection(SolutionProperties) = preSolution
		HideSolutionNode = FALSE
	EndGlobalSection
	GlobalSection(ExtensibilityGlobals) = postSolution
		SolutionGuid = {1FE6F7F1-CC99-4397-ADA7-D46E8AE18EAE}
	EndGlobalSection
EndGlobal
