
Microsoft Visual Studio Solution File, Format Version 12.00
# Visual Studio 15
VisualStudioVersion = 15.0.27130.2027
MinimumVisualStudioVersion = 10.0.40219.1
Project("{FAE04EC0-301F-11D3-BF4B-00C04F79EFBC}") = "01. Vehicles", "01. Vehicles\01. Vehicles.csproj", "{A9E7E77A-D33A-43DB-9D0A-DD707E0BA851}"
EndProject
Project("{FAE04EC0-301F-11D3-BF4B-00C04F79EFBC}") = "02. Vehicles Extension", "02. Vehicles Extension\02. Vehicles Extension.csproj", "{7AECCE2A-CFBA-49BF-8F32-6BFB189E6128}"
EndProject
Project("{FAE04EC0-301F-11D3-BF4B-00C04F79EFBC}") = "03. WildFarm", "03. WildFarm\03. WildFarm.csproj", "{6DF71872-C6A9-4881-A527-BB0EE83D95B9}"
EndProject
Global
	GlobalSection(SolutionConfigurationPlatforms) = preSolution
		Debug|Any CPU = Debug|Any CPU
		Release|Any CPU = Release|Any CPU
	EndGlobalSection
	GlobalSection(ProjectConfigurationPlatforms) = postSolution
		{A9E7E77A-D33A-43DB-9D0A-DD707E0BA851}.Debug|Any CPU.ActiveCfg = Debug|Any CPU
		{A9E7E77A-D33A-43DB-9D0A-DD707E0BA851}.Debug|Any CPU.Build.0 = Debug|Any CPU
		{A9E7E77A-D33A-43DB-9D0A-DD707E0BA851}.Release|Any CPU.ActiveCfg = Release|Any CPU
		{A9E7E77A-D33A-43DB-9D0A-DD707E0BA851}.Release|Any CPU.Build.0 = Release|Any CPU
		{7AECCE2A-CFBA-49BF-8F32-6BFB189E6128}.Debug|Any CPU.ActiveCfg = Debug|Any CPU
		{7AECCE2A-CFBA-49BF-8F32-6BFB189E6128}.Debug|Any CPU.Build.0 = Debug|Any CPU
		{7AECCE2A-CFBA-49BF-8F32-6BFB189E6128}.Release|Any CPU.ActiveCfg = Release|Any CPU
		{7AECCE2A-CFBA-49BF-8F32-6BFB189E6128}.Release|Any CPU.Build.0 = Release|Any CPU
		{6DF71872-C6A9-4881-A527-BB0EE83D95B9}.Debug|Any CPU.ActiveCfg = Debug|Any CPU
		{6DF71872-C6A9-4881-A527-BB0EE83D95B9}.Debug|Any CPU.Build.0 = Debug|Any CPU
		{6DF71872-C6A9-4881-A527-BB0EE83D95B9}.Release|Any CPU.ActiveCfg = Release|Any CPU
		{6DF71872-C6A9-4881-A527-BB0EE83D95B9}.Release|Any CPU.Build.0 = Release|Any CPU
	EndGlobalSection
	GlobalSection(SolutionProperties) = preSolution
		HideSolutionNode = FALSE
	EndGlobalSection
	GlobalSection(ExtensibilityGlobals) = postSolution
		SolutionGuid = {90666564-BA9B-4C7F-A007-5FE35EC1B97D}
	EndGlobalSection
EndGlobal
